// !$*UTF8*$!
{
	archiveVersion = 1;
	classes = {
	};
	objectVersion = 51;
	objects = {

/* Begin PBXBuildFile section */
		3C6C20B24BAA836FFA1A77AF /* Pods_TanamAja.framework in Frameworks */ = {isa = PBXBuildFile; fileRef = BB3DB4EDD7A6635AE3D92DED /* Pods_TanamAja.framework */; };
		8C18D5F744CE36BD53A76E1D /* Pods_TanamAjaTests.framework in Frameworks */ = {isa = PBXBuildFile; fileRef = EC25D5E2DC83E86C80B7F32A /* Pods_TanamAjaTests.framework */; };
		E4709C3EA54DD586610F8F41 /* Pods_TanamAja_TanamAjaUITests.framework in Frameworks */ = {isa = PBXBuildFile; fileRef = 681960A18E6570164D7552D6 /* Pods_TanamAja_TanamAjaUITests.framework */; };
		EC18225A25F602EA00443B9D /* ProfileViewController.swift in Sources */ = {isa = PBXBuildFile; fileRef = EC18225925F602EA00443B9D /* ProfileViewController.swift */; };
		EC18226425F6071500443B9D /* NotifikasiViewController.swift in Sources */ = {isa = PBXBuildFile; fileRef = EC18226325F6071500443B9D /* NotifikasiViewController.swift */; };
		EC1A892225F6360D00919EDD /* NotifTransViewController.swift in Sources */ = {isa = PBXBuildFile; fileRef = EC1A892025F6360D00919EDD /* NotifTransViewController.swift */; };
		EC1A892C25F639FA00919EDD /* NotifOtherViewController.swift in Sources */ = {isa = PBXBuildFile; fileRef = EC1A892A25F639FA00919EDD /* NotifOtherViewController.swift */; };
		EC1A893625F6453800919EDD /* NotifTransTableViewCell.swift in Sources */ = {isa = PBXBuildFile; fileRef = EC1A893425F6453800919EDD /* NotifTransTableViewCell.swift */; };
		EC1A893725F6453800919EDD /* NotifTransTableViewCell.xib in Resources */ = {isa = PBXBuildFile; fileRef = EC1A893525F6453800919EDD /* NotifTransTableViewCell.xib */; };
		EC1A893D25F6454800919EDD /* NotifOtherTableViewCell.swift in Sources */ = {isa = PBXBuildFile; fileRef = EC1A893B25F6454800919EDD /* NotifOtherTableViewCell.swift */; };
		EC1A893E25F6454800919EDD /* NotifOtherTableViewCell.xib in Resources */ = {isa = PBXBuildFile; fileRef = EC1A893C25F6454800919EDD /* NotifOtherTableViewCell.xib */; };
		EC1A897A25F661D000919EDD /* EditProfileViewController.swift in Sources */ = {isa = PBXBuildFile; fileRef = EC1A897925F661D000919EDD /* EditProfileViewController.swift */; };
		EC2384BD25F5BB5C00788686 /* HomeViewController.swift in Sources */ = {isa = PBXBuildFile; fileRef = EC2384BC25F5BB5C00788686 /* HomeViewController.swift */; };
		EC2384C425F5BEF200788686 /* DailyTaskTableViewCell.swift in Sources */ = {isa = PBXBuildFile; fileRef = EC2384C225F5BEF200788686 /* DailyTaskTableViewCell.swift */; };
		EC2384C525F5BEF200788686 /* DailyTaskTableViewCell.xib in Resources */ = {isa = PBXBuildFile; fileRef = EC2384C325F5BEF200788686 /* DailyTaskTableViewCell.xib */; };
		EC2384D225F5C90200788686 /* TipsCollectionViewCell.swift in Sources */ = {isa = PBXBuildFile; fileRef = EC2384D125F5C90200788686 /* TipsCollectionViewCell.swift */; };
		EC2384DA25F5C90C00788686 /* TipsCollectionViewCell.xib in Resources */ = {isa = PBXBuildFile; fileRef = EC2384D925F5C90C00788686 /* TipsCollectionViewCell.xib */; };
		EC2384E025F5D34900788686 /* RewardViewController.swift in Sources */ = {isa = PBXBuildFile; fileRef = EC2384DF25F5D34900788686 /* RewardViewController.swift */; };
		EC2F66DF25FDCC47008987F8 /* DetailNotifViewController.swift in Sources */ = {isa = PBXBuildFile; fileRef = EC2F66DE25FDCC47008987F8 /* DetailNotifViewController.swift */; };
		EC2F66E425FE0CDF008987F8 /* DetailTipsViewController.swift in Sources */ = {isa = PBXBuildFile; fileRef = EC2F66E325FE0CDF008987F8 /* DetailTipsViewController.swift */; };
		EC2F66E925FE5419008987F8 /* DetailSubmissionViewController.swift in Sources */ = {isa = PBXBuildFile; fileRef = EC2F66E825FE5419008987F8 /* DetailSubmissionViewController.swift */; };
		EC2F66EF25FE5A3A008987F8 /* SuccesViewController.swift in Sources */ = {isa = PBXBuildFile; fileRef = EC2F66EE25FE5A3A008987F8 /* SuccesViewController.swift */; };
		ECD68E9025F44AA000A00EC5 /* AppDelegate.swift in Sources */ = {isa = PBXBuildFile; fileRef = ECD68E8F25F44AA000A00EC5 /* AppDelegate.swift */; };
		ECD68E9225F44AA000A00EC5 /* SceneDelegate.swift in Sources */ = {isa = PBXBuildFile; fileRef = ECD68E9125F44AA000A00EC5 /* SceneDelegate.swift */; };
		ECD68E9425F44AA000A00EC5 /* ViewController.swift in Sources */ = {isa = PBXBuildFile; fileRef = ECD68E9325F44AA000A00EC5 /* ViewController.swift */; };
		ECD68E9725F44AA000A00EC5 /* Main.storyboard in Resources */ = {isa = PBXBuildFile; fileRef = ECD68E9525F44AA000A00EC5 /* Main.storyboard */; };
		ECD68E9925F44AA100A00EC5 /* Assets.xcassets in Resources */ = {isa = PBXBuildFile; fileRef = ECD68E9825F44AA100A00EC5 /* Assets.xcassets */; };
		ECD68E9C25F44AA100A00EC5 /* LaunchScreen.storyboard in Resources */ = {isa = PBXBuildFile; fileRef = ECD68E9A25F44AA100A00EC5 /* LaunchScreen.storyboard */; };
		ECD68EA725F44AA200A00EC5 /* TanamAjaTests.swift in Sources */ = {isa = PBXBuildFile; fileRef = ECD68EA625F44AA200A00EC5 /* TanamAjaTests.swift */; };
		ECD68EB225F44AA200A00EC5 /* TanamAjaUITests.swift in Sources */ = {isa = PBXBuildFile; fileRef = ECD68EB125F44AA200A00EC5 /* TanamAjaUITests.swift */; };
		ECD68EE225F4ADF300A00EC5 /* GoogleService-Info.plist in Resources */ = {isa = PBXBuildFile; fileRef = ECD68EE125F4ADF300A00EC5 /* GoogleService-Info.plist */; };
		ECD68EE325F4ADF300A00EC5 /* GoogleService-Info.plist in Resources */ = {isa = PBXBuildFile; fileRef = ECD68EE125F4ADF300A00EC5 /* GoogleService-Info.plist */; };
		ECD68EE425F4ADF300A00EC5 /* GoogleService-Info.plist in Resources */ = {isa = PBXBuildFile; fileRef = ECD68EE125F4ADF300A00EC5 /* GoogleService-Info.plist */; };
		ECD68F0525F4B7F900A00EC5 /* Poppins-Bold.ttf in Resources */ = {isa = PBXBuildFile; fileRef = ECD68F0425F4B7F900A00EC5 /* Poppins-Bold.ttf */; };
		ECD68F0625F4B7F900A00EC5 /* Poppins-Bold.ttf in Resources */ = {isa = PBXBuildFile; fileRef = ECD68F0425F4B7F900A00EC5 /* Poppins-Bold.ttf */; };
		ECD68F0725F4B7F900A00EC5 /* Poppins-Bold.ttf in Resources */ = {isa = PBXBuildFile; fileRef = ECD68F0425F4B7F900A00EC5 /* Poppins-Bold.ttf */; };
		ECD68F0F25F4B81500A00EC5 /* Poppins-Regular.ttf in Resources */ = {isa = PBXBuildFile; fileRef = ECD68F0E25F4B81500A00EC5 /* Poppins-Regular.ttf */; };
		ECD68F1025F4B81500A00EC5 /* Poppins-Regular.ttf in Resources */ = {isa = PBXBuildFile; fileRef = ECD68F0E25F4B81500A00EC5 /* Poppins-Regular.ttf */; };
		ECD68F1125F4B81500A00EC5 /* Poppins-Regular.ttf in Resources */ = {isa = PBXBuildFile; fileRef = ECD68F0E25F4B81500A00EC5 /* Poppins-Regular.ttf */; };
		ECD68F2525F4D2A100A00EC5 /* MainView.storyboard in Resources */ = {isa = PBXBuildFile; fileRef = ECD68F2425F4D2A100A00EC5 /* MainView.storyboard */; };
		ECD68F2B25F4D32200A00EC5 /* LoginViewController.swift in Sources */ = {isa = PBXBuildFile; fileRef = ECD68F2A25F4D32200A00EC5 /* LoginViewController.swift */; };
		ECD68F5325F4DF0A00A00EC5 /* Checkmark.swift in Sources */ = {isa = PBXBuildFile; fileRef = ECD68F5225F4DF0A00A00EC5 /* Checkmark.swift */; };
		ECD68F5825F4DFBC00A00EC5 /* DesignableTextField.swift in Sources */ = {isa = PBXBuildFile; fileRef = ECD68F5725F4DFBC00A00EC5 /* DesignableTextField.swift */; };
		ECD68F8025F5277B00A00EC5 /* RegisterViewController.swift in Sources */ = {isa = PBXBuildFile; fileRef = ECD68F7F25F5277B00A00EC5 /* RegisterViewController.swift */; };
/* End PBXBuildFile section */

/* Begin PBXContainerItemProxy section */
		ECD68EA325F44AA200A00EC5 /* PBXContainerItemProxy */ = {
			isa = PBXContainerItemProxy;
			containerPortal = ECD68E8425F44AA000A00EC5 /* Project object */;
			proxyType = 1;
			remoteGlobalIDString = ECD68E8B25F44AA000A00EC5;
			remoteInfo = TanamAja;
		};
		ECD68EAE25F44AA200A00EC5 /* PBXContainerItemProxy */ = {
			isa = PBXContainerItemProxy;
			containerPortal = ECD68E8425F44AA000A00EC5 /* Project object */;
			proxyType = 1;
			remoteGlobalIDString = ECD68E8B25F44AA000A00EC5;
			remoteInfo = TanamAja;
		};
/* End PBXContainerItemProxy section */

/* Begin PBXFileReference section */
		050974F903662A27C72B532C /* Pods-TanamAjaTests.debug.xcconfig */ = {isa = PBXFileReference; includeInIndex = 1; lastKnownFileType = text.xcconfig; name = "Pods-TanamAjaTests.debug.xcconfig"; path = "Target Support Files/Pods-TanamAjaTests/Pods-TanamAjaTests.debug.xcconfig"; sourceTree = "<group>"; };
		2A2F7468BBC2FC26F2DA2498 /* Pods-TanamAja.release.xcconfig */ = {isa = PBXFileReference; includeInIndex = 1; lastKnownFileType = text.xcconfig; name = "Pods-TanamAja.release.xcconfig"; path = "Target Support Files/Pods-TanamAja/Pods-TanamAja.release.xcconfig"; sourceTree = "<group>"; };
		34F5E41D615023A315842FDC /* Pods-TanamAja.debug.xcconfig */ = {isa = PBXFileReference; includeInIndex = 1; lastKnownFileType = text.xcconfig; name = "Pods-TanamAja.debug.xcconfig"; path = "Target Support Files/Pods-TanamAja/Pods-TanamAja.debug.xcconfig"; sourceTree = "<group>"; };
		681960A18E6570164D7552D6 /* Pods_TanamAja_TanamAjaUITests.framework */ = {isa = PBXFileReference; explicitFileType = wrapper.framework; includeInIndex = 0; path = Pods_TanamAja_TanamAjaUITests.framework; sourceTree = BUILT_PRODUCTS_DIR; };
		8F4E2A0623169128580266EC /* Pods-TanamAjaTests.release.xcconfig */ = {isa = PBXFileReference; includeInIndex = 1; lastKnownFileType = text.xcconfig; name = "Pods-TanamAjaTests.release.xcconfig"; path = "Target Support Files/Pods-TanamAjaTests/Pods-TanamAjaTests.release.xcconfig"; sourceTree = "<group>"; };
		BB3DB4EDD7A6635AE3D92DED /* Pods_TanamAja.framework */ = {isa = PBXFileReference; explicitFileType = wrapper.framework; includeInIndex = 0; path = Pods_TanamAja.framework; sourceTree = BUILT_PRODUCTS_DIR; };
		D88C6BF52F45FDC8508D5206 /* Pods-TanamAja-TanamAjaUITests.debug.xcconfig */ = {isa = PBXFileReference; includeInIndex = 1; lastKnownFileType = text.xcconfig; name = "Pods-TanamAja-TanamAjaUITests.debug.xcconfig"; path = "Target Support Files/Pods-TanamAja-TanamAjaUITests/Pods-TanamAja-TanamAjaUITests.debug.xcconfig"; sourceTree = "<group>"; };
		EC18225925F602EA00443B9D /* ProfileViewController.swift */ = {isa = PBXFileReference; lastKnownFileType = sourcecode.swift; path = ProfileViewController.swift; sourceTree = "<group>"; };
		EC18226325F6071500443B9D /* NotifikasiViewController.swift */ = {isa = PBXFileReference; lastKnownFileType = sourcecode.swift; path = NotifikasiViewController.swift; sourceTree = "<group>"; };
		EC1A892025F6360D00919EDD /* NotifTransViewController.swift */ = {isa = PBXFileReference; lastKnownFileType = sourcecode.swift; path = NotifTransViewController.swift; sourceTree = "<group>"; };
		EC1A892A25F639FA00919EDD /* NotifOtherViewController.swift */ = {isa = PBXFileReference; lastKnownFileType = sourcecode.swift; path = NotifOtherViewController.swift; sourceTree = "<group>"; };
		EC1A893425F6453800919EDD /* NotifTransTableViewCell.swift */ = {isa = PBXFileReference; lastKnownFileType = sourcecode.swift; path = NotifTransTableViewCell.swift; sourceTree = "<group>"; };
		EC1A893525F6453800919EDD /* NotifTransTableViewCell.xib */ = {isa = PBXFileReference; lastKnownFileType = file.xib; path = NotifTransTableViewCell.xib; sourceTree = "<group>"; };
		EC1A893B25F6454800919EDD /* NotifOtherTableViewCell.swift */ = {isa = PBXFileReference; lastKnownFileType = sourcecode.swift; path = NotifOtherTableViewCell.swift; sourceTree = "<group>"; };
		EC1A893C25F6454800919EDD /* NotifOtherTableViewCell.xib */ = {isa = PBXFileReference; lastKnownFileType = file.xib; path = NotifOtherTableViewCell.xib; sourceTree = "<group>"; };
		EC1A897925F661D000919EDD /* EditProfileViewController.swift */ = {isa = PBXFileReference; lastKnownFileType = sourcecode.swift; path = EditProfileViewController.swift; sourceTree = "<group>"; };
		EC2384BC25F5BB5C00788686 /* HomeViewController.swift */ = {isa = PBXFileReference; lastKnownFileType = sourcecode.swift; path = HomeViewController.swift; sourceTree = "<group>"; };
		EC2384C225F5BEF200788686 /* DailyTaskTableViewCell.swift */ = {isa = PBXFileReference; lastKnownFileType = sourcecode.swift; path = DailyTaskTableViewCell.swift; sourceTree = "<group>"; };
		EC2384C325F5BEF200788686 /* DailyTaskTableViewCell.xib */ = {isa = PBXFileReference; lastKnownFileType = file.xib; path = DailyTaskTableViewCell.xib; sourceTree = "<group>"; };
		EC2384D125F5C90200788686 /* TipsCollectionViewCell.swift */ = {isa = PBXFileReference; fileEncoding = 4; lastKnownFileType = sourcecode.swift; path = TipsCollectionViewCell.swift; sourceTree = "<group>"; };
		EC2384D925F5C90C00788686 /* TipsCollectionViewCell.xib */ = {isa = PBXFileReference; fileEncoding = 4; lastKnownFileType = file.xib; path = TipsCollectionViewCell.xib; sourceTree = "<group>"; };
		EC2384DF25F5D34900788686 /* RewardViewController.swift */ = {isa = PBXFileReference; lastKnownFileType = sourcecode.swift; path = RewardViewController.swift; sourceTree = "<group>"; };
		EC25D5E2DC83E86C80B7F32A /* Pods_TanamAjaTests.framework */ = {isa = PBXFileReference; explicitFileType = wrapper.framework; includeInIndex = 0; path = Pods_TanamAjaTests.framework; sourceTree = BUILT_PRODUCTS_DIR; };
		EC2F66DE25FDCC47008987F8 /* DetailNotifViewController.swift */ = {isa = PBXFileReference; lastKnownFileType = sourcecode.swift; path = DetailNotifViewController.swift; sourceTree = "<group>"; };
		EC2F66E325FE0CDF008987F8 /* DetailTipsViewController.swift */ = {isa = PBXFileReference; lastKnownFileType = sourcecode.swift; path = DetailTipsViewController.swift; sourceTree = "<group>"; };
		EC2F66E825FE5419008987F8 /* DetailSubmissionViewController.swift */ = {isa = PBXFileReference; lastKnownFileType = sourcecode.swift; path = DetailSubmissionViewController.swift; sourceTree = "<group>"; };
		EC2F66EE25FE5A3A008987F8 /* SuccesViewController.swift */ = {isa = PBXFileReference; lastKnownFileType = sourcecode.swift; path = SuccesViewController.swift; sourceTree = "<group>"; };
		ECD68E8C25F44AA000A00EC5 /* TanamAja.app */ = {isa = PBXFileReference; explicitFileType = wrapper.application; includeInIndex = 0; path = TanamAja.app; sourceTree = BUILT_PRODUCTS_DIR; };
		ECD68E8F25F44AA000A00EC5 /* AppDelegate.swift */ = {isa = PBXFileReference; lastKnownFileType = sourcecode.swift; path = AppDelegate.swift; sourceTree = "<group>"; };
		ECD68E9125F44AA000A00EC5 /* SceneDelegate.swift */ = {isa = PBXFileReference; lastKnownFileType = sourcecode.swift; path = SceneDelegate.swift; sourceTree = "<group>"; };
		ECD68E9325F44AA000A00EC5 /* ViewController.swift */ = {isa = PBXFileReference; lastKnownFileType = sourcecode.swift; path = ViewController.swift; sourceTree = "<group>"; };
		ECD68E9625F44AA000A00EC5 /* Base */ = {isa = PBXFileReference; lastKnownFileType = file.storyboard; name = Base; path = Base.lproj/Main.storyboard; sourceTree = "<group>"; };
		ECD68E9825F44AA100A00EC5 /* Assets.xcassets */ = {isa = PBXFileReference; lastKnownFileType = folder.assetcatalog; path = Assets.xcassets; sourceTree = "<group>"; };
		ECD68E9B25F44AA100A00EC5 /* Base */ = {isa = PBXFileReference; lastKnownFileType = file.storyboard; name = Base; path = Base.lproj/LaunchScreen.storyboard; sourceTree = "<group>"; };
		ECD68E9D25F44AA100A00EC5 /* Info.plist */ = {isa = PBXFileReference; lastKnownFileType = text.plist.xml; path = Info.plist; sourceTree = "<group>"; };
		ECD68EA225F44AA200A00EC5 /* TanamAjaTests.xctest */ = {isa = PBXFileReference; explicitFileType = wrapper.cfbundle; includeInIndex = 0; path = TanamAjaTests.xctest; sourceTree = BUILT_PRODUCTS_DIR; };
		ECD68EA625F44AA200A00EC5 /* TanamAjaTests.swift */ = {isa = PBXFileReference; lastKnownFileType = sourcecode.swift; path = TanamAjaTests.swift; sourceTree = "<group>"; };
		ECD68EA825F44AA200A00EC5 /* Info.plist */ = {isa = PBXFileReference; lastKnownFileType = text.plist.xml; path = Info.plist; sourceTree = "<group>"; };
		ECD68EAD25F44AA200A00EC5 /* TanamAjaUITests.xctest */ = {isa = PBXFileReference; explicitFileType = wrapper.cfbundle; includeInIndex = 0; path = TanamAjaUITests.xctest; sourceTree = BUILT_PRODUCTS_DIR; };
		ECD68EB125F44AA200A00EC5 /* TanamAjaUITests.swift */ = {isa = PBXFileReference; lastKnownFileType = sourcecode.swift; path = TanamAjaUITests.swift; sourceTree = "<group>"; };
		ECD68EB325F44AA200A00EC5 /* Info.plist */ = {isa = PBXFileReference; lastKnownFileType = text.plist.xml; path = Info.plist; sourceTree = "<group>"; };
		ECD68EC825F44AD900A00EC5 /* TanamAja.entitlements */ = {isa = PBXFileReference; lastKnownFileType = text.plist.entitlements; path = TanamAja.entitlements; sourceTree = "<group>"; };
		ECD68EE125F4ADF300A00EC5 /* GoogleService-Info.plist */ = {isa = PBXFileReference; fileEncoding = 4; lastKnownFileType = text.plist.xml; path = "GoogleService-Info.plist"; sourceTree = "<group>"; };
		ECD68F0425F4B7F900A00EC5 /* Poppins-Bold.ttf */ = {isa = PBXFileReference; lastKnownFileType = file; path = "Poppins-Bold.ttf"; sourceTree = "<group>"; };
		ECD68F0E25F4B81500A00EC5 /* Poppins-Regular.ttf */ = {isa = PBXFileReference; lastKnownFileType = file; path = "Poppins-Regular.ttf"; sourceTree = "<group>"; };
		ECD68F2425F4D2A100A00EC5 /* MainView.storyboard */ = {isa = PBXFileReference; lastKnownFileType = file.storyboard; path = MainView.storyboard; sourceTree = "<group>"; };
		ECD68F2A25F4D32200A00EC5 /* LoginViewController.swift */ = {isa = PBXFileReference; lastKnownFileType = sourcecode.swift; path = LoginViewController.swift; sourceTree = "<group>"; };
		ECD68F5225F4DF0A00A00EC5 /* Checkmark.swift */ = {isa = PBXFileReference; lastKnownFileType = sourcecode.swift; path = Checkmark.swift; sourceTree = "<group>"; };
		ECD68F5725F4DFBC00A00EC5 /* DesignableTextField.swift */ = {isa = PBXFileReference; lastKnownFileType = sourcecode.swift; path = DesignableTextField.swift; sourceTree = "<group>"; };
		ECD68F7F25F5277B00A00EC5 /* RegisterViewController.swift */ = {isa = PBXFileReference; lastKnownFileType = sourcecode.swift; name = RegisterViewController.swift; path = ../Register/RegisterViewController.swift; sourceTree = "<group>"; };
		FDE429FB22F56718FE738795 /* Pods-TanamAja-TanamAjaUITests.release.xcconfig */ = {isa = PBXFileReference; includeInIndex = 1; lastKnownFileType = text.xcconfig; name = "Pods-TanamAja-TanamAjaUITests.release.xcconfig"; path = "Target Support Files/Pods-TanamAja-TanamAjaUITests/Pods-TanamAja-TanamAjaUITests.release.xcconfig"; sourceTree = "<group>"; };
/* End PBXFileReference section */

/* Begin PBXFrameworksBuildPhase section */
		ECD68E8925F44AA000A00EC5 /* Frameworks */ = {
			isa = PBXFrameworksBuildPhase;
			buildActionMask = 2147483647;
			files = (
				3C6C20B24BAA836FFA1A77AF /* Pods_TanamAja.framework in Frameworks */,
			);
			runOnlyForDeploymentPostprocessing = 0;
		};
		ECD68E9F25F44AA200A00EC5 /* Frameworks */ = {
			isa = PBXFrameworksBuildPhase;
			buildActionMask = 2147483647;
			files = (
				8C18D5F744CE36BD53A76E1D /* Pods_TanamAjaTests.framework in Frameworks */,
			);
			runOnlyForDeploymentPostprocessing = 0;
		};
		ECD68EAA25F44AA200A00EC5 /* Frameworks */ = {
			isa = PBXFrameworksBuildPhase;
			buildActionMask = 2147483647;
			files = (
				E4709C3EA54DD586610F8F41 /* Pods_TanamAja_TanamAjaUITests.framework in Frameworks */,
			);
			runOnlyForDeploymentPostprocessing = 0;
		};
/* End PBXFrameworksBuildPhase section */

/* Begin PBXGroup section */
		6C24F9B20F5E56600DAAA3BD /* Frameworks */ = {
			isa = PBXGroup;
			children = (
				BB3DB4EDD7A6635AE3D92DED /* Pods_TanamAja.framework */,
				681960A18E6570164D7552D6 /* Pods_TanamAja_TanamAjaUITests.framework */,
				EC25D5E2DC83E86C80B7F32A /* Pods_TanamAjaTests.framework */,
			);
			name = Frameworks;
			sourceTree = "<group>";
		};
		ABE3C61BEA59D0980DAD422E /* Pods */ = {
			isa = PBXGroup;
			children = (
				34F5E41D615023A315842FDC /* Pods-TanamAja.debug.xcconfig */,
				2A2F7468BBC2FC26F2DA2498 /* Pods-TanamAja.release.xcconfig */,
				D88C6BF52F45FDC8508D5206 /* Pods-TanamAja-TanamAjaUITests.debug.xcconfig */,
				FDE429FB22F56718FE738795 /* Pods-TanamAja-TanamAjaUITests.release.xcconfig */,
				050974F903662A27C72B532C /* Pods-TanamAjaTests.debug.xcconfig */,
				8F4E2A0623169128580266EC /* Pods-TanamAjaTests.release.xcconfig */,
			);
			path = Pods;
			sourceTree = "<group>";
		};
		EC18225825F602D600443B9D /* Profile */ = {
			isa = PBXGroup;
			children = (
				EC18225925F602EA00443B9D /* ProfileViewController.swift */,
				EC1A897925F661D000919EDD /* EditProfileViewController.swift */,
			);
			path = Profile;
			sourceTree = "<group>";
		};
		EC2384BB25F5BB4A00788686 /* Home */ = {
			isa = PBXGroup;
			children = (
				EC2384BC25F5BB5C00788686 /* HomeViewController.swift */,
				EC18226325F6071500443B9D /* NotifikasiViewController.swift */,
				EC1A892025F6360D00919EDD /* NotifTransViewController.swift */,
				EC1A892A25F639FA00919EDD /* NotifOtherViewController.swift */,
				EC2F66DE25FDCC47008987F8 /* DetailNotifViewController.swift */,
				EC2F66E325FE0CDF008987F8 /* DetailTipsViewController.swift */,
				EC2F66E825FE5419008987F8 /* DetailSubmissionViewController.swift */,
			);
			path = Home;
			sourceTree = "<group>";
		};
		EC2384C125F5BEB700788686 /* CellView */ = {
			isa = PBXGroup;
			children = (
				EC2384D925F5C90C00788686 /* TipsCollectionViewCell.xib */,
				EC2384C325F5BEF200788686 /* DailyTaskTableViewCell.xib */,
				EC1A893525F6453800919EDD /* NotifTransTableViewCell.xib */,
				EC1A893C25F6454800919EDD /* NotifOtherTableViewCell.xib */,
			);
			path = CellView;
			sourceTree = "<group>";
		};
		EC2384CC25F5BEFE00788686 /* CellController */ = {
			isa = PBXGroup;
			children = (
				EC2F66DA25FDC5B1008987F8 /* TipsCell */,
				EC2F66D625FDC5A8008987F8 /* NotifCell */,
				EC2384CD25F5BF0B00788686 /* dailyTaskCell */,
			);
			path = CellController;
			sourceTree = "<group>";
		};
		EC2384CD25F5BF0B00788686 /* dailyTaskCell */ = {
			isa = PBXGroup;
			children = (
				EC2384C225F5BEF200788686 /* DailyTaskTableViewCell.swift */,
			);
			path = dailyTaskCell;
			sourceTree = "<group>";
		};
		EC2384DE25F5D32F00788686 /* Reward */ = {
			isa = PBXGroup;
			children = (
				EC2384DF25F5D34900788686 /* RewardViewController.swift */,
			);
			path = Reward;
			sourceTree = "<group>";
		};
		EC2F66D625FDC5A8008987F8 /* NotifCell */ = {
			isa = PBXGroup;
			children = (
				EC1A893425F6453800919EDD /* NotifTransTableViewCell.swift */,
				EC1A893B25F6454800919EDD /* NotifOtherTableViewCell.swift */,
			);
			path = NotifCell;
			sourceTree = "<group>";
		};
		EC2F66DA25FDC5B1008987F8 /* TipsCell */ = {
			isa = PBXGroup;
			children = (
				EC2384D125F5C90200788686 /* TipsCollectionViewCell.swift */,
			);
			path = TipsCell;
			sourceTree = "<group>";
		};
		EC2F66ED25FE5A27008987F8 /* Other */ = {
			isa = PBXGroup;
			children = (
				EC2F66EE25FE5A3A008987F8 /* SuccesViewController.swift */,
			);
			path = Other;
			sourceTree = "<group>";
		};
		ECD68E8325F44AA000A00EC5 = {
			isa = PBXGroup;
			children = (
				ECD68E8E25F44AA000A00EC5 /* TanamAja */,
				ECD68EA525F44AA200A00EC5 /* TanamAjaTests */,
				ECD68EB025F44AA200A00EC5 /* TanamAjaUITests */,
				ECD68E8D25F44AA000A00EC5 /* Products */,
				ABE3C61BEA59D0980DAD422E /* Pods */,
				6C24F9B20F5E56600DAAA3BD /* Frameworks */,
			);
			sourceTree = "<group>";
		};
		ECD68E8D25F44AA000A00EC5 /* Products */ = {
			isa = PBXGroup;
			children = (
				ECD68E8C25F44AA000A00EC5 /* TanamAja.app */,
				ECD68EA225F44AA200A00EC5 /* TanamAjaTests.xctest */,
				ECD68EAD25F44AA200A00EC5 /* TanamAjaUITests.xctest */,
			);
			name = Products;
			sourceTree = "<group>";
		};
		ECD68E8E25F44AA000A00EC5 /* TanamAja */ = {
			isa = PBXGroup;
			children = (
				ECD68F5125F4DEFA00A00EC5 /* Component */,
				ECD68EC825F44AD900A00EC5 /* TanamAja.entitlements */,
				ECD68ECC25F44B9E00A00EC5 /* Base */,
				ECD68ED425F44C1F00A00EC5 /* Model */,
				ECD68ED025F44BBC00A00EC5 /* ViewController */,
				ECD68ED125F44BD700A00EC5 /* View */,
			);
			path = TanamAja;
			sourceTree = "<group>";
		};
		ECD68EA525F44AA200A00EC5 /* TanamAjaTests */ = {
			isa = PBXGroup;
			children = (
				ECD68EA625F44AA200A00EC5 /* TanamAjaTests.swift */,
				ECD68EA825F44AA200A00EC5 /* Info.plist */,
			);
			path = TanamAjaTests;
			sourceTree = "<group>";
		};
		ECD68EB025F44AA200A00EC5 /* TanamAjaUITests */ = {
			isa = PBXGroup;
			children = (
				ECD68EB125F44AA200A00EC5 /* TanamAjaUITests.swift */,
				ECD68EB325F44AA200A00EC5 /* Info.plist */,
			);
			path = TanamAjaUITests;
			sourceTree = "<group>";
		};
		ECD68ECC25F44B9E00A00EC5 /* Base */ = {
			isa = PBXGroup;
			children = (
				ECD68F0325F4B7E100A00EC5 /* Font */,
				ECD68E8F25F44AA000A00EC5 /* AppDelegate.swift */,
				ECD68E9125F44AA000A00EC5 /* SceneDelegate.swift */,
				ECD68E9825F44AA100A00EC5 /* Assets.xcassets */,
				ECD68E9D25F44AA100A00EC5 /* Info.plist */,
				ECD68EE125F4ADF300A00EC5 /* GoogleService-Info.plist */,
			);
			path = Base;
			sourceTree = "<group>";
		};
		ECD68ED025F44BBC00A00EC5 /* ViewController */ = {
			isa = PBXGroup;
			children = (
				EC2F66ED25FE5A27008987F8 /* Other */,
				EC18225825F602D600443B9D /* Profile */,
				EC2384DE25F5D32F00788686 /* Reward */,
				EC2384CC25F5BEFE00788686 /* CellController */,
				EC2384BB25F5BB4A00788686 /* Home */,
				ECD68F2925F4D2FA00A00EC5 /* Authentication */,
				ECD68ED525F44C2B00A00EC5 /* SplashScreen */,
			);
			path = ViewController;
			sourceTree = "<group>";
		};
		ECD68ED125F44BD700A00EC5 /* View */ = {
			isa = PBXGroup;
			children = (
				EC2384C125F5BEB700788686 /* CellView */,
				ECD68E9525F44AA000A00EC5 /* Main.storyboard */,
				ECD68ED225F44BE000A00EC5 /* LaunchScreen */,
				ECD68F2425F4D2A100A00EC5 /* MainView.storyboard */,
			);
			path = View;
			sourceTree = "<group>";
		};
		ECD68ED225F44BE000A00EC5 /* LaunchScreen */ = {
			isa = PBXGroup;
			children = (
				ECD68E9A25F44AA100A00EC5 /* LaunchScreen.storyboard */,
			);
			path = LaunchScreen;
			sourceTree = "<group>";
		};
		ECD68ED425F44C1F00A00EC5 /* Model */ = {
			isa = PBXGroup;
			children = (
			);
			path = Model;
			sourceTree = "<group>";
		};
		ECD68ED525F44C2B00A00EC5 /* SplashScreen */ = {
			isa = PBXGroup;
			children = (
				ECD68E9325F44AA000A00EC5 /* ViewController.swift */,
			);
			path = SplashScreen;
			sourceTree = "<group>";
		};
		ECD68F0325F4B7E100A00EC5 /* Font */ = {
			isa = PBXGroup;
			children = (
				ECD68F0425F4B7F900A00EC5 /* Poppins-Bold.ttf */,
				ECD68F0E25F4B81500A00EC5 /* Poppins-Regular.ttf */,
			);
			path = Font;
			sourceTree = "<group>";
		};
		ECD68F2925F4D2FA00A00EC5 /* Authentication */ = {
			isa = PBXGroup;
			children = (
				ECD68F7B25F5275400A00EC5 /* Login */,
				ECD68F8425F5279E00A00EC5 /* Register */,
			);
			path = Authentication;
			sourceTree = "<group>";
		};
		ECD68F5125F4DEFA00A00EC5 /* Component */ = {
			isa = PBXGroup;
			children = (
				ECD68F5225F4DF0A00A00EC5 /* Checkmark.swift */,
				ECD68F5725F4DFBC00A00EC5 /* DesignableTextField.swift */,
			);
			path = Component;
			sourceTree = "<group>";
		};
		ECD68F7B25F5275400A00EC5 /* Login */ = {
			isa = PBXGroup;
			children = (
				ECD68F2A25F4D32200A00EC5 /* LoginViewController.swift */,
			);
			path = Login;
			sourceTree = "<group>";
		};
		ECD68F8425F5279E00A00EC5 /* Register */ = {
			isa = PBXGroup;
			children = (
				ECD68F7F25F5277B00A00EC5 /* RegisterViewController.swift */,
			);
			path = Register;
			sourceTree = "<group>";
		};
/* End PBXGroup section */

/* Begin PBXNativeTarget section */
		ECD68E8B25F44AA000A00EC5 /* TanamAja */ = {
			isa = PBXNativeTarget;
			buildConfigurationList = ECD68EB625F44AA200A00EC5 /* Build configuration list for PBXNativeTarget "TanamAja" */;
			buildPhases = (
				A80C7B002452EE7CEB5AC937 /* [CP] Check Pods Manifest.lock */,
				ECD68E8825F44AA000A00EC5 /* Sources */,
				ECD68E8925F44AA000A00EC5 /* Frameworks */,
				ECD68E8A25F44AA000A00EC5 /* Resources */,
				197ACB22663E3F5B291142B3 /* [CP] Embed Pods Frameworks */,
			);
			buildRules = (
			);
			dependencies = (
			);
			name = TanamAja;
			productName = TanamAja;
			productReference = ECD68E8C25F44AA000A00EC5 /* TanamAja.app */;
			productType = "com.apple.product-type.application";
		};
		ECD68EA125F44AA200A00EC5 /* TanamAjaTests */ = {
			isa = PBXNativeTarget;
			buildConfigurationList = ECD68EB925F44AA200A00EC5 /* Build configuration list for PBXNativeTarget "TanamAjaTests" */;
			buildPhases = (
				6FF9E5E632C4F3964DE206AA /* [CP] Check Pods Manifest.lock */,
				ECD68E9E25F44AA200A00EC5 /* Sources */,
				ECD68E9F25F44AA200A00EC5 /* Frameworks */,
				ECD68EA025F44AA200A00EC5 /* Resources */,
			);
			buildRules = (
			);
			dependencies = (
				ECD68EA425F44AA200A00EC5 /* PBXTargetDependency */,
			);
			name = TanamAjaTests;
			productName = TanamAjaTests;
			productReference = ECD68EA225F44AA200A00EC5 /* TanamAjaTests.xctest */;
			productType = "com.apple.product-type.bundle.unit-test";
		};
		ECD68EAC25F44AA200A00EC5 /* TanamAjaUITests */ = {
			isa = PBXNativeTarget;
			buildConfigurationList = ECD68EBC25F44AA200A00EC5 /* Build configuration list for PBXNativeTarget "TanamAjaUITests" */;
			buildPhases = (
				0D085396A4A1F400A54327EF /* [CP] Check Pods Manifest.lock */,
				ECD68EA925F44AA200A00EC5 /* Sources */,
				ECD68EAA25F44AA200A00EC5 /* Frameworks */,
				ECD68EAB25F44AA200A00EC5 /* Resources */,
				61F7CF4EB8DFF5CAD3359624 /* [CP] Embed Pods Frameworks */,
			);
			buildRules = (
			);
			dependencies = (
				ECD68EAF25F44AA200A00EC5 /* PBXTargetDependency */,
			);
			name = TanamAjaUITests;
			productName = TanamAjaUITests;
			productReference = ECD68EAD25F44AA200A00EC5 /* TanamAjaUITests.xctest */;
			productType = "com.apple.product-type.bundle.ui-testing";
		};
/* End PBXNativeTarget section */

/* Begin PBXProject section */
		ECD68E8425F44AA000A00EC5 /* Project object */ = {
			isa = PBXProject;
			attributes = {
				LastSwiftUpdateCheck = 1240;
				LastUpgradeCheck = 1240;
				TargetAttributes = {
					ECD68E8B25F44AA000A00EC5 = {
						CreatedOnToolsVersion = 12.4;
					};
					ECD68EA125F44AA200A00EC5 = {
						CreatedOnToolsVersion = 12.4;
						TestTargetID = ECD68E8B25F44AA000A00EC5;
					};
					ECD68EAC25F44AA200A00EC5 = {
						CreatedOnToolsVersion = 12.4;
						TestTargetID = ECD68E8B25F44AA000A00EC5;
					};
				};
			};
			buildConfigurationList = ECD68E8725F44AA000A00EC5 /* Build configuration list for PBXProject "TanamAja" */;
			compatibilityVersion = "Xcode 9.3";
			developmentRegion = en;
			hasScannedForEncodings = 0;
			knownRegions = (
				en,
				Base,
			);
			mainGroup = ECD68E8325F44AA000A00EC5;
			productRefGroup = ECD68E8D25F44AA000A00EC5 /* Products */;
			projectDirPath = "";
			projectRoot = "";
			targets = (
				ECD68E8B25F44AA000A00EC5 /* TanamAja */,
				ECD68EA125F44AA200A00EC5 /* TanamAjaTests */,
				ECD68EAC25F44AA200A00EC5 /* TanamAjaUITests */,
			);
		};
/* End PBXProject section */

/* Begin PBXResourcesBuildPhase section */
		ECD68E8A25F44AA000A00EC5 /* Resources */ = {
			isa = PBXResourcesBuildPhase;
			buildActionMask = 2147483647;
			files = (
				ECD68E9C25F44AA100A00EC5 /* LaunchScreen.storyboard in Resources */,
				EC2384DA25F5C90C00788686 /* TipsCollectionViewCell.xib in Resources */,
				ECD68EE225F4ADF300A00EC5 /* GoogleService-Info.plist in Resources */,
				ECD68F0525F4B7F900A00EC5 /* Poppins-Bold.ttf in Resources */,
				EC1A893E25F6454800919EDD /* NotifOtherTableViewCell.xib in Resources */,
				ECD68F0F25F4B81500A00EC5 /* Poppins-Regular.ttf in Resources */,
				EC2384C525F5BEF200788686 /* DailyTaskTableViewCell.xib in Resources */,
				ECD68E9925F44AA100A00EC5 /* Assets.xcassets in Resources */,
				EC1A893725F6453800919EDD /* NotifTransTableViewCell.xib in Resources */,
				ECD68E9725F44AA000A00EC5 /* Main.storyboard in Resources */,
				ECD68F2525F4D2A100A00EC5 /* MainView.storyboard in Resources */,
			);
			runOnlyForDeploymentPostprocessing = 0;
		};
		ECD68EA025F44AA200A00EC5 /* Resources */ = {
			isa = PBXResourcesBuildPhase;
			buildActionMask = 2147483647;
			files = (
				ECD68F1025F4B81500A00EC5 /* Poppins-Regular.ttf in Resources */,
				ECD68EE325F4ADF300A00EC5 /* GoogleService-Info.plist in Resources */,
				ECD68F0625F4B7F900A00EC5 /* Poppins-Bold.ttf in Resources */,
			);
			runOnlyForDeploymentPostprocessing = 0;
		};
		ECD68EAB25F44AA200A00EC5 /* Resources */ = {
			isa = PBXResourcesBuildPhase;
			buildActionMask = 2147483647;
			files = (
				ECD68F1125F4B81500A00EC5 /* Poppins-Regular.ttf in Resources */,
				ECD68EE425F4ADF300A00EC5 /* GoogleService-Info.plist in Resources */,
				ECD68F0725F4B7F900A00EC5 /* Poppins-Bold.ttf in Resources */,
			);
			runOnlyForDeploymentPostprocessing = 0;
		};
/* End PBXResourcesBuildPhase section */

/* Begin PBXShellScriptBuildPhase section */
		0D085396A4A1F400A54327EF /* [CP] Check Pods Manifest.lock */ = {
			isa = PBXShellScriptBuildPhase;
			buildActionMask = 2147483647;
			files = (
			);
			inputFileListPaths = (
			);
			inputPaths = (
				"${PODS_PODFILE_DIR_PATH}/Podfile.lock",
				"${PODS_ROOT}/Manifest.lock",
			);
			name = "[CP] Check Pods Manifest.lock";
			outputFileListPaths = (
			);
			outputPaths = (
				"$(DERIVED_FILE_DIR)/Pods-TanamAja-TanamAjaUITests-checkManifestLockResult.txt",
			);
			runOnlyForDeploymentPostprocessing = 0;
			shellPath = /bin/sh;
			shellScript = "diff \"${PODS_PODFILE_DIR_PATH}/Podfile.lock\" \"${PODS_ROOT}/Manifest.lock\" > /dev/null\nif [ $? != 0 ] ; then\n    # print error to STDERR\n    echo \"error: The sandbox is not in sync with the Podfile.lock. Run 'pod install' or update your CocoaPods installation.\" >&2\n    exit 1\nfi\n# This output is used by Xcode 'outputs' to avoid re-running this script phase.\necho \"SUCCESS\" > \"${SCRIPT_OUTPUT_FILE_0}\"\n";
			showEnvVarsInLog = 0;
		};
		197ACB22663E3F5B291142B3 /* [CP] Embed Pods Frameworks */ = {
			isa = PBXShellScriptBuildPhase;
			buildActionMask = 2147483647;
			files = (
			);
			inputFileListPaths = (
				"${PODS_ROOT}/Target Support Files/Pods-TanamAja/Pods-TanamAja-frameworks-${CONFIGURATION}-input-files.xcfilelist",
			);
			name = "[CP] Embed Pods Frameworks";
			outputFileListPaths = (
				"${PODS_ROOT}/Target Support Files/Pods-TanamAja/Pods-TanamAja-frameworks-${CONFIGURATION}-output-files.xcfilelist",
			);
			runOnlyForDeploymentPostprocessing = 0;
			shellPath = /bin/sh;
			shellScript = "\"${PODS_ROOT}/Target Support Files/Pods-TanamAja/Pods-TanamAja-frameworks.sh\"\n";
			showEnvVarsInLog = 0;
		};
		61F7CF4EB8DFF5CAD3359624 /* [CP] Embed Pods Frameworks */ = {
			isa = PBXShellScriptBuildPhase;
			buildActionMask = 2147483647;
			files = (
			);
			inputFileListPaths = (
				"${PODS_ROOT}/Target Support Files/Pods-TanamAja-TanamAjaUITests/Pods-TanamAja-TanamAjaUITests-frameworks-${CONFIGURATION}-input-files.xcfilelist",
			);
			name = "[CP] Embed Pods Frameworks";
			outputFileListPaths = (
				"${PODS_ROOT}/Target Support Files/Pods-TanamAja-TanamAjaUITests/Pods-TanamAja-TanamAjaUITests-frameworks-${CONFIGURATION}-output-files.xcfilelist",
			);
			runOnlyForDeploymentPostprocessing = 0;
			shellPath = /bin/sh;
			shellScript = "\"${PODS_ROOT}/Target Support Files/Pods-TanamAja-TanamAjaUITests/Pods-TanamAja-TanamAjaUITests-frameworks.sh\"\n";
			showEnvVarsInLog = 0;
		};
		6FF9E5E632C4F3964DE206AA /* [CP] Check Pods Manifest.lock */ = {
			isa = PBXShellScriptBuildPhase;
			buildActionMask = 2147483647;
			files = (
			);
			inputFileListPaths = (
			);
			inputPaths = (
				"${PODS_PODFILE_DIR_PATH}/Podfile.lock",
				"${PODS_ROOT}/Manifest.lock",
			);
			name = "[CP] Check Pods Manifest.lock";
			outputFileListPaths = (
			);
			outputPaths = (
				"$(DERIVED_FILE_DIR)/Pods-TanamAjaTests-checkManifestLockResult.txt",
			);
			runOnlyForDeploymentPostprocessing = 0;
			shellPath = /bin/sh;
			shellScript = "diff \"${PODS_PODFILE_DIR_PATH}/Podfile.lock\" \"${PODS_ROOT}/Manifest.lock\" > /dev/null\nif [ $? != 0 ] ; then\n    # print error to STDERR\n    echo \"error: The sandbox is not in sync with the Podfile.lock. Run 'pod install' or update your CocoaPods installation.\" >&2\n    exit 1\nfi\n# This output is used by Xcode 'outputs' to avoid re-running this script phase.\necho \"SUCCESS\" > \"${SCRIPT_OUTPUT_FILE_0}\"\n";
			showEnvVarsInLog = 0;
		};
		A80C7B002452EE7CEB5AC937 /* [CP] Check Pods Manifest.lock */ = {
			isa = PBXShellScriptBuildPhase;
			buildActionMask = 2147483647;
			files = (
			);
			inputFileListPaths = (
			);
			inputPaths = (
				"${PODS_PODFILE_DIR_PATH}/Podfile.lock",
				"${PODS_ROOT}/Manifest.lock",
			);
			name = "[CP] Check Pods Manifest.lock";
			outputFileListPaths = (
			);
			outputPaths = (
				"$(DERIVED_FILE_DIR)/Pods-TanamAja-checkManifestLockResult.txt",
			);
			runOnlyForDeploymentPostprocessing = 0;
			shellPath = /bin/sh;
			shellScript = "diff \"${PODS_PODFILE_DIR_PATH}/Podfile.lock\" \"${PODS_ROOT}/Manifest.lock\" > /dev/null\nif [ $? != 0 ] ; then\n    # print error to STDERR\n    echo \"error: The sandbox is not in sync with the Podfile.lock. Run 'pod install' or update your CocoaPods installation.\" >&2\n    exit 1\nfi\n# This output is used by Xcode 'outputs' to avoid re-running this script phase.\necho \"SUCCESS\" > \"${SCRIPT_OUTPUT_FILE_0}\"\n";
			showEnvVarsInLog = 0;
		};
/* End PBXShellScriptBuildPhase section */

/* Begin PBXSourcesBuildPhase section */
		ECD68E8825F44AA000A00EC5 /* Sources */ = {
			isa = PBXSourcesBuildPhase;
			buildActionMask = 2147483647;
			files = (
				EC1A892225F6360D00919EDD /* NotifTransViewController.swift in Sources */,
				EC2384E025F5D34900788686 /* RewardViewController.swift in Sources */,
				ECD68F2B25F4D32200A00EC5 /* LoginViewController.swift in Sources */,
				ECD68F5825F4DFBC00A00EC5 /* DesignableTextField.swift in Sources */,
				EC1A893625F6453800919EDD /* NotifTransTableViewCell.swift in Sources */,
				EC2F66DF25FDCC47008987F8 /* DetailNotifViewController.swift in Sources */,
				EC18225A25F602EA00443B9D /* ProfileViewController.swift in Sources */,
				ECD68F8025F5277B00A00EC5 /* RegisterViewController.swift in Sources */,
				EC1A897A25F661D000919EDD /* EditProfileViewController.swift in Sources */,
				EC2384BD25F5BB5C00788686 /* HomeViewController.swift in Sources */,
				EC2F66E925FE5419008987F8 /* DetailSubmissionViewController.swift in Sources */,
				ECD68F5325F4DF0A00A00EC5 /* Checkmark.swift in Sources */,
				EC18226425F6071500443B9D /* NotifikasiViewController.swift in Sources */,
				EC2384C425F5BEF200788686 /* DailyTaskTableViewCell.swift in Sources */,
				EC2384D225F5C90200788686 /* TipsCollectionViewCell.swift in Sources */,
				ECD68E9425F44AA000A00EC5 /* ViewController.swift in Sources */,
				EC2F66EF25FE5A3A008987F8 /* SuccesViewController.swift in Sources */,
				EC2F66E425FE0CDF008987F8 /* DetailTipsViewController.swift in Sources */,
				ECD68E9025F44AA000A00EC5 /* AppDelegate.swift in Sources */,
				EC1A892C25F639FA00919EDD /* NotifOtherViewController.swift in Sources */,
				ECD68E9225F44AA000A00EC5 /* SceneDelegate.swift in Sources */,
				EC1A893D25F6454800919EDD /* NotifOtherTableViewCell.swift in Sources */,
			);
			runOnlyForDeploymentPostprocessing = 0;
		};
		ECD68E9E25F44AA200A00EC5 /* Sources */ = {
			isa = PBXSourcesBuildPhase;
			buildActionMask = 2147483647;
			files = (
				ECD68EA725F44AA200A00EC5 /* TanamAjaTests.swift in Sources */,
			);
			runOnlyForDeploymentPostprocessing = 0;
		};
		ECD68EA925F44AA200A00EC5 /* Sources */ = {
			isa = PBXSourcesBuildPhase;
			buildActionMask = 2147483647;
			files = (
				ECD68EB225F44AA200A00EC5 /* TanamAjaUITests.swift in Sources */,
			);
			runOnlyForDeploymentPostprocessing = 0;
		};
/* End PBXSourcesBuildPhase section */

/* Begin PBXTargetDependency section */
		ECD68EA425F44AA200A00EC5 /* PBXTargetDependency */ = {
			isa = PBXTargetDependency;
			target = ECD68E8B25F44AA000A00EC5 /* TanamAja */;
			targetProxy = ECD68EA325F44AA200A00EC5 /* PBXContainerItemProxy */;
		};
		ECD68EAF25F44AA200A00EC5 /* PBXTargetDependency */ = {
			isa = PBXTargetDependency;
			target = ECD68E8B25F44AA000A00EC5 /* TanamAja */;
			targetProxy = ECD68EAE25F44AA200A00EC5 /* PBXContainerItemProxy */;
		};
/* End PBXTargetDependency section */

/* Begin PBXVariantGroup section */
		ECD68E9525F44AA000A00EC5 /* Main.storyboard */ = {
			isa = PBXVariantGroup;
			children = (
				ECD68E9625F44AA000A00EC5 /* Base */,
			);
			name = Main.storyboard;
			sourceTree = "<group>";
		};
		ECD68E9A25F44AA100A00EC5 /* LaunchScreen.storyboard */ = {
			isa = PBXVariantGroup;
			children = (
				ECD68E9B25F44AA100A00EC5 /* Base */,
			);
			name = LaunchScreen.storyboard;
			sourceTree = "<group>";
		};
/* End PBXVariantGroup section */

/* Begin XCBuildConfiguration section */
		ECD68EB425F44AA200A00EC5 /* Debug */ = {
			isa = XCBuildConfiguration;
			buildSettings = {
				ALWAYS_SEARCH_USER_PATHS = NO;
				CLANG_ANALYZER_NONNULL = YES;
				CLANG_ANALYZER_NUMBER_OBJECT_CONVERSION = YES_AGGRESSIVE;
				CLANG_CXX_LANGUAGE_STANDARD = "gnu++14";
				CLANG_CXX_LIBRARY = "libc++";
				CLANG_ENABLE_MODULES = YES;
				CLANG_ENABLE_OBJC_ARC = YES;
				CLANG_ENABLE_OBJC_WEAK = YES;
				CLANG_WARN_BLOCK_CAPTURE_AUTORELEASING = YES;
				CLANG_WARN_BOOL_CONVERSION = YES;
				CLANG_WARN_COMMA = YES;
				CLANG_WARN_CONSTANT_CONVERSION = YES;
				CLANG_WARN_DEPRECATED_OBJC_IMPLEMENTATIONS = YES;
				CLANG_WARN_DIRECT_OBJC_ISA_USAGE = YES_ERROR;
				CLANG_WARN_DOCUMENTATION_COMMENTS = YES;
				CLANG_WARN_EMPTY_BODY = YES;
				CLANG_WARN_ENUM_CONVERSION = YES;
				CLANG_WARN_INFINITE_RECURSION = YES;
				CLANG_WARN_INT_CONVERSION = YES;
				CLANG_WARN_NON_LITERAL_NULL_CONVERSION = YES;
				CLANG_WARN_OBJC_IMPLICIT_RETAIN_SELF = YES;
				CLANG_WARN_OBJC_LITERAL_CONVERSION = YES;
				CLANG_WARN_OBJC_ROOT_CLASS = YES_ERROR;
				CLANG_WARN_QUOTED_INCLUDE_IN_FRAMEWORK_HEADER = YES;
				CLANG_WARN_RANGE_LOOP_ANALYSIS = YES;
				CLANG_WARN_STRICT_PROTOTYPES = YES;
				CLANG_WARN_SUSPICIOUS_MOVE = YES;
				CLANG_WARN_UNGUARDED_AVAILABILITY = YES_AGGRESSIVE;
				CLANG_WARN_UNREACHABLE_CODE = YES;
				CLANG_WARN__DUPLICATE_METHOD_MATCH = YES;
				COPY_PHASE_STRIP = NO;
				DEBUG_INFORMATION_FORMAT = dwarf;
				ENABLE_STRICT_OBJC_MSGSEND = YES;
				ENABLE_TESTABILITY = YES;
				GCC_C_LANGUAGE_STANDARD = gnu11;
				GCC_DYNAMIC_NO_PIC = NO;
				GCC_NO_COMMON_BLOCKS = YES;
				GCC_OPTIMIZATION_LEVEL = 0;
				GCC_PREPROCESSOR_DEFINITIONS = (
					"DEBUG=1",
					"$(inherited)",
				);
				GCC_WARN_64_TO_32_BIT_CONVERSION = YES;
				GCC_WARN_ABOUT_RETURN_TYPE = YES_ERROR;
				GCC_WARN_UNDECLARED_SELECTOR = YES;
				GCC_WARN_UNINITIALIZED_AUTOS = YES_AGGRESSIVE;
				GCC_WARN_UNUSED_FUNCTION = YES;
				GCC_WARN_UNUSED_VARIABLE = YES;
				IPHONEOS_DEPLOYMENT_TARGET = 14.4;
				MTL_ENABLE_DEBUG_INFO = INCLUDE_SOURCE;
				MTL_FAST_MATH = YES;
				ONLY_ACTIVE_ARCH = YES;
				SDKROOT = iphoneos;
				SWIFT_ACTIVE_COMPILATION_CONDITIONS = DEBUG;
				SWIFT_OPTIMIZATION_LEVEL = "-Onone";
			};
			name = Debug;
		};
		ECD68EB525F44AA200A00EC5 /* Release */ = {
			isa = XCBuildConfiguration;
			buildSettings = {
				ALWAYS_SEARCH_USER_PATHS = NO;
				CLANG_ANALYZER_NONNULL = YES;
				CLANG_ANALYZER_NUMBER_OBJECT_CONVERSION = YES_AGGRESSIVE;
				CLANG_CXX_LANGUAGE_STANDARD = "gnu++14";
				CLANG_CXX_LIBRARY = "libc++";
				CLANG_ENABLE_MODULES = YES;
				CLANG_ENABLE_OBJC_ARC = YES;
				CLANG_ENABLE_OBJC_WEAK = YES;
				CLANG_WARN_BLOCK_CAPTURE_AUTORELEASING = YES;
				CLANG_WARN_BOOL_CONVERSION = YES;
				CLANG_WARN_COMMA = YES;
				CLANG_WARN_CONSTANT_CONVERSION = YES;
				CLANG_WARN_DEPRECATED_OBJC_IMPLEMENTATIONS = YES;
				CLANG_WARN_DIRECT_OBJC_ISA_USAGE = YES_ERROR;
				CLANG_WARN_DOCUMENTATION_COMMENTS = YES;
				CLANG_WARN_EMPTY_BODY = YES;
				CLANG_WARN_ENUM_CONVERSION = YES;
				CLANG_WARN_INFINITE_RECURSION = YES;
				CLANG_WARN_INT_CONVERSION = YES;
				CLANG_WARN_NON_LITERAL_NULL_CONVERSION = YES;
				CLANG_WARN_OBJC_IMPLICIT_RETAIN_SELF = YES;
				CLANG_WARN_OBJC_LITERAL_CONVERSION = YES;
				CLANG_WARN_OBJC_ROOT_CLASS = YES_ERROR;
				CLANG_WARN_QUOTED_INCLUDE_IN_FRAMEWORK_HEADER = YES;
				CLANG_WARN_RANGE_LOOP_ANALYSIS = YES;
				CLANG_WARN_STRICT_PROTOTYPES = YES;
				CLANG_WARN_SUSPICIOUS_MOVE = YES;
				CLANG_WARN_UNGUARDED_AVAILABILITY = YES_AGGRESSIVE;
				CLANG_WARN_UNREACHABLE_CODE = YES;
				CLANG_WARN__DUPLICATE_METHOD_MATCH = YES;
				COPY_PHASE_STRIP = NO;
				DEBUG_INFORMATION_FORMAT = "dwarf-with-dsym";
				ENABLE_NS_ASSERTIONS = NO;
				ENABLE_STRICT_OBJC_MSGSEND = YES;
				GCC_C_LANGUAGE_STANDARD = gnu11;
				GCC_NO_COMMON_BLOCKS = YES;
				GCC_WARN_64_TO_32_BIT_CONVERSION = YES;
				GCC_WARN_ABOUT_RETURN_TYPE = YES_ERROR;
				GCC_WARN_UNDECLARED_SELECTOR = YES;
				GCC_WARN_UNINITIALIZED_AUTOS = YES_AGGRESSIVE;
				GCC_WARN_UNUSED_FUNCTION = YES;
				GCC_WARN_UNUSED_VARIABLE = YES;
				IPHONEOS_DEPLOYMENT_TARGET = 14.4;
				MTL_ENABLE_DEBUG_INFO = NO;
				MTL_FAST_MATH = YES;
				SDKROOT = iphoneos;
				SWIFT_COMPILATION_MODE = wholemodule;
				SWIFT_OPTIMIZATION_LEVEL = "-O";
				VALIDATE_PRODUCT = YES;
			};
			name = Release;
		};
		ECD68EB725F44AA200A00EC5 /* Debug */ = {
			isa = XCBuildConfiguration;
			baseConfigurationReference = 34F5E41D615023A315842FDC /* Pods-TanamAja.debug.xcconfig */;
			buildSettings = {
				ASSETCATALOG_COMPILER_APPICON_NAME = AppIcon;
				ASSETCATALOG_COMPILER_GLOBAL_ACCENT_COLOR_NAME = AccentColor;
				CODE_SIGN_ENTITLEMENTS = TanamAja/TanamAja.entitlements;
				CODE_SIGN_STYLE = Automatic;
				DEVELOPMENT_TEAM = 6M5M727687;
				INFOPLIST_FILE = "$(SRCROOT)/TanamAja/Base/Info.plist";
				IPHONEOS_DEPLOYMENT_TARGET = 13.0;
				LD_RUNPATH_SEARCH_PATHS = (
					"$(inherited)",
					"@executable_path/Frameworks",
				);
				PRODUCT_BUNDLE_IDENTIFIER = com.TerbangTinggi.TanamAja;
				PRODUCT_NAME = "$(TARGET_NAME)";
				SWIFT_VERSION = 5.0;
				TARGETED_DEVICE_FAMILY = 1;
			};
			name = Debug;
		};
		ECD68EB825F44AA200A00EC5 /* Release */ = {
			isa = XCBuildConfiguration;
			baseConfigurationReference = 2A2F7468BBC2FC26F2DA2498 /* Pods-TanamAja.release.xcconfig */;
			buildSettings = {
				ASSETCATALOG_COMPILER_APPICON_NAME = AppIcon;
				ASSETCATALOG_COMPILER_GLOBAL_ACCENT_COLOR_NAME = AccentColor;
				CODE_SIGN_ENTITLEMENTS = TanamAja/TanamAja.entitlements;
				CODE_SIGN_STYLE = Automatic;
				DEVELOPMENT_TEAM = 6M5M727687;
				INFOPLIST_FILE = "$(SRCROOT)/TanamAja/Base/Info.plist";
				IPHONEOS_DEPLOYMENT_TARGET = 13.0;
				LD_RUNPATH_SEARCH_PATHS = (
					"$(inherited)",
					"@executable_path/Frameworks",
				);
				PRODUCT_BUNDLE_IDENTIFIER = com.TerbangTinggi.TanamAja;
				PRODUCT_NAME = "$(TARGET_NAME)";
				SWIFT_VERSION = 5.0;
				TARGETED_DEVICE_FAMILY = 1;
			};
			name = Release;
		};
		ECD68EBA25F44AA200A00EC5 /* Debug */ = {
			isa = XCBuildConfiguration;
			baseConfigurationReference = 050974F903662A27C72B532C /* Pods-TanamAjaTests.debug.xcconfig */;
			buildSettings = {
				ALWAYS_EMBED_SWIFT_STANDARD_LIBRARIES = YES;
				BUNDLE_LOADER = "$(TEST_HOST)";
				CODE_SIGN_STYLE = Automatic;
				DEVELOPMENT_TEAM = 6M5M727687;
				INFOPLIST_FILE = TanamAjaTests/Info.plist;
				IPHONEOS_DEPLOYMENT_TARGET = 14.4;
				LD_RUNPATH_SEARCH_PATHS = (
					"$(inherited)",
					"@executable_path/Frameworks",
					"@loader_path/Frameworks",
				);
				PRODUCT_BUNDLE_IDENTIFIER = com.TerbangTinggi.TanamAjaTests;
				PRODUCT_NAME = "$(TARGET_NAME)";
				SWIFT_VERSION = 5.0;
				TARGETED_DEVICE_FAMILY = "1,2";
				TEST_HOST = "$(BUILT_PRODUCTS_DIR)/TanamAja.app/TanamAja";
			};
			name = Debug;
		};
		ECD68EBB25F44AA200A00EC5 /* Release */ = {
			isa = XCBuildConfiguration;
			baseConfigurationReference = 8F4E2A0623169128580266EC /* Pods-TanamAjaTests.release.xcconfig */;
			buildSettings = {
				ALWAYS_EMBED_SWIFT_STANDARD_LIBRARIES = YES;
				BUNDLE_LOADER = "$(TEST_HOST)";
				CODE_SIGN_STYLE = Automatic;
				DEVELOPMENT_TEAM = 6M5M727687;
				INFOPLIST_FILE = TanamAjaTests/Info.plist;
				IPHONEOS_DEPLOYMENT_TARGET = 14.4;
				LD_RUNPATH_SEARCH_PATHS = (
					"$(inherited)",
					"@executable_path/Frameworks",
					"@loader_path/Frameworks",
				);
				PRODUCT_BUNDLE_IDENTIFIER = com.TerbangTinggi.TanamAjaTests;
				PRODUCT_NAME = "$(TARGET_NAME)";
				SWIFT_VERSION = 5.0;
				TARGETED_DEVICE_FAMILY = "1,2";
				TEST_HOST = "$(BUILT_PRODUCTS_DIR)/TanamAja.app/TanamAja";
			};
			name = Release;
		};
		ECD68EBD25F44AA200A00EC5 /* Debug */ = {
			isa = XCBuildConfiguration;
			baseConfigurationReference = D88C6BF52F45FDC8508D5206 /* Pods-TanamAja-TanamAjaUITests.debug.xcconfig */;
			buildSettings = {
				ALWAYS_EMBED_SWIFT_STANDARD_LIBRARIES = YES;
				CODE_SIGN_STYLE = Automatic;
				DEVELOPMENT_TEAM = 6M5M727687;
				INFOPLIST_FILE = TanamAjaUITests/Info.plist;
				LD_RUNPATH_SEARCH_PATHS = (
					"$(inherited)",
					"@executable_path/Frameworks",
					"@loader_path/Frameworks",
				);
				PRODUCT_BUNDLE_IDENTIFIER = com.TerbangTinggi.TanamAjaUITests;
				PRODUCT_NAME = "$(TARGET_NAME)";
				SWIFT_VERSION = 5.0;
				TARGETED_DEVICE_FAMILY = "1,2";
				TEST_TARGET_NAME = TanamAja;
			};
			name = Debug;
		};
		ECD68EBE25F44AA200A00EC5 /* Release */ = {
			isa = XCBuildConfiguration;
			baseConfigurationReference = FDE429FB22F56718FE738795 /* Pods-TanamAja-TanamAjaUITests.release.xcconfig */;
			buildSettings = {
				ALWAYS_EMBED_SWIFT_STANDARD_LIBRARIES = YES;
				CODE_SIGN_STYLE = Automatic;
				DEVELOPMENT_TEAM = 6M5M727687;
				INFOPLIST_FILE = TanamAjaUITests/Info.plist;
				LD_RUNPATH_SEARCH_PATHS = (
					"$(inherited)",
					"@executable_path/Frameworks",
					"@loader_path/Frameworks",
				);
				PRODUCT_BUNDLE_IDENTIFIER = com.TerbangTinggi.TanamAjaUITests;
				PRODUCT_NAME = "$(TARGET_NAME)";
				SWIFT_VERSION = 5.0;
				TARGETED_DEVICE_FAMILY = "1,2";
				TEST_TARGET_NAME = TanamAja;
			};
			name = Release;
		};
/* End XCBuildConfiguration section */

/* Begin XCConfigurationList section */
		ECD68E8725F44AA000A00EC5 /* Build configuration list for PBXProject "TanamAja" */ = {
			isa = XCConfigurationList;
			buildConfigurations = (
				ECD68EB425F44AA200A00EC5 /* Debug */,
				ECD68EB525F44AA200A00EC5 /* Release */,
			);
			defaultConfigurationIsVisible = 0;
			defaultConfigurationName = Release;
		};
		ECD68EB625F44AA200A00EC5 /* Build configuration list for PBXNativeTarget "TanamAja" */ = {
			isa = XCConfigurationList;
			buildConfigurations = (
				ECD68EB725F44AA200A00EC5 /* Debug */,
				ECD68EB825F44AA200A00EC5 /* Release */,
			);
			defaultConfigurationIsVisible = 0;
			defaultConfigurationName = Release;
		};
		ECD68EB925F44AA200A00EC5 /* Build configuration list for PBXNativeTarget "TanamAjaTests" */ = {
			isa = XCConfigurationList;
			buildConfigurations = (
				ECD68EBA25F44AA200A00EC5 /* Debug */,
				ECD68EBB25F44AA200A00EC5 /* Release */,
			);
			defaultConfigurationIsVisible = 0;
			defaultConfigurationName = Release;
		};
		ECD68EBC25F44AA200A00EC5 /* Build configuration list for PBXNativeTarget "TanamAjaUITests" */ = {
			isa = XCConfigurationList;
			buildConfigurations = (
				ECD68EBD25F44AA200A00EC5 /* Debug */,
				ECD68EBE25F44AA200A00EC5 /* Release */,
			);
			defaultConfigurationIsVisible = 0;
			defaultConfigurationName = Release;
		};
/* End XCConfigurationList section */
	};
	rootObject = ECD68E8425F44AA000A00EC5 /* Project object */;
}
